
Microsoft Visual Studio Solution File, Format Version 12.00
# Visual Studio Version 16
VisualStudioVersion = 16.0.31410.357
MinimumVisualStudioVersion = 10.0.40219.1
Project("{9A19103F-16F7-4668-BE54-9A1E7A4F7556}") = "Tracer.OpenTracing", "Tracer.OpenTracing\Tracer.OpenTracing.csproj", "{8FF36C98-56AC-4FA3-B267-18F324A5E81C}"
EndProject
Project("{FAE04EC0-301F-11D3-BF4B-00C04F79EFBC}") = "DemoProject", "DemoProject\DemoProject.csproj", "{13E29F78-4773-446C-B381-829EEB825BE2}"
EndProject
Project("{9A19103F-16F7-4668-BE54-9A1E7A4F7556}") = "Tracer.OpenTelemetry", "Tracer.OpenTelemetry\Tracer.OpenTelemetry.csproj", "{7181004B-D4E7-4B2E-87A5-61BAEFC1ABE1}"
EndProject
Project("{FAE04EC0-301F-11D3-BF4B-00C04F79EFBC}") = "DemoProject2.OpenTelemetry", "DemoProject2.OpenTelemetry\DemoProject2.OpenTelemetry.csproj", "{EC882307-7325-4CFB-9878-062772A8B858}"
EndProject
Global
	GlobalSection(SolutionConfigurationPlatforms) = preSolution
		Debug|Any CPU = Debug|Any CPU
		Release|Any CPU = Release|Any CPU
	EndGlobalSection
	GlobalSection(ProjectConfigurationPlatforms) = postSolution
		{8FF36C98-56AC-4FA3-B267-18F324A5E81C}.Debug|Any CPU.ActiveCfg = Debug|Any CPU
		{8FF36C98-56AC-4FA3-B267-18F324A5E81C}.Debug|Any CPU.Build.0 = Debug|Any CPU
		{8FF36C98-56AC-4FA3-B267-18F324A5E81C}.Release|Any CPU.ActiveCfg = Release|Any CPU
		{8FF36C98-56AC-4FA3-B267-18F324A5E81C}.Release|Any CPU.Build.0 = Release|Any CPU
		{13E29F78-4773-446C-B381-829EEB825BE2}.Debug|Any CPU.ActiveCfg = Debug|Any CPU
		{13E29F78-4773-446C-B381-829EEB825BE2}.Debug|Any CPU.Build.0 = Debug|Any CPU
		{13E29F78-4773-446C-B381-829EEB825BE2}.Release|Any CPU.ActiveCfg = Release|Any CPU
		{13E29F78-4773-446C-B381-829EEB825BE2}.Release|Any CPU.Build.0 = Release|Any CPU
		{7181004B-D4E7-4B2E-87A5-61BAEFC1ABE1}.Debug|Any CPU.ActiveCfg = Debug|Any CPU
		{7181004B-D4E7-4B2E-87A5-61BAEFC1ABE1}.Debug|Any CPU.Build.0 = Debug|Any CPU
		{7181004B-D4E7-4B2E-87A5-61BAEFC1ABE1}.Release|Any CPU.ActiveCfg = Release|Any CPU
		{7181004B-D4E7-4B2E-87A5-61BAEFC1ABE1}.Release|Any CPU.Build.0 = Release|Any CPU
		{EC882307-7325-4CFB-9878-062772A8B858}.Debug|Any CPU.ActiveCfg = Debug|Any CPU
		{EC882307-7325-4CFB-9878-062772A8B858}.Debug|Any CPU.Build.0 = Debug|Any CPU
		{EC882307-7325-4CFB-9878-062772A8B858}.Release|Any CPU.ActiveCfg = Release|Any CPU
		{EC882307-7325-4CFB-9878-062772A8B858}.Release|Any CPU.Build.0 = Release|Any CPU
	EndGlobalSection
	GlobalSection(SolutionProperties) = preSolution
		HideSolutionNode = FALSE
	EndGlobalSection
	GlobalSection(ExtensibilityGlobals) = postSolution
		SolutionGuid = {DC8CC556-A6CC-46BE-89B6-D2D1D47596BD}
	EndGlobalSection
EndGlobal
